{
  "name": "life-soft",
  "version": "1.0.0",
  "lockfileVersion": 1,
  "requires": true,
  "dependencies": {
    "weui-miniprogram": {
      "version": "1.0.2",
      "resolved": "https://registry.npmjs.org/weui-miniprogram/-/weui-miniprogram-1.0.2.tgz",
      "integrity": "sha512-n8UnD9teuxaxhimCE80+383veDOEYhdL+mUEf9sBb99GdGg/Ny64mHfUw6TVxQ8TZM2IijMEmtDZcCSMVXCRyg=="
    }
  }
}
